
Microsoft Visual Studio Solution File, Format Version 12.00
# Visual Studio Version 16
VisualStudioVersion = 16.0.30523.141
MinimumVisualStudioVersion = 10.0.40219.1
Project("{FAE04EC0-301F-11D3-BF4B-00C04F79EFBC}") = "PizzaPlace.Server", "PizzaPlace\Server\PizzaPlace.Server.csproj", "{62D47D3F-CA19-44FA-93A1-19C071B9A8DA}"
EndProject
Project("{FAE04EC0-301F-11D3-BF4B-00C04F79EFBC}") = "PizzaPlace.Client", "PizzaPlace\Client\PizzaPlace.Client.csproj", "{5C3AE653-0B55-412D-88CC-153FA02E402B}"
EndProject
Project("{FAE04EC0-301F-11D3-BF4B-00C04F79EFBC}") = "PizzaPlace.Shared", "PizzaPlace\Shared\PizzaPlace.Shared.csproj", "{45CB4CA0-BE44-4785-A374-DF3C6F0C82F8}"
EndProject
Global
	GlobalSection(SolutionConfigurationPlatforms) = preSolution
		Debug|Any CPU = Debug|Any CPU
		Release|Any CPU = Release|Any CPU
	EndGlobalSection
	GlobalSection(ProjectConfigurationPlatforms) = postSolution
		{62D47D3F-CA19-44FA-93A1-19C071B9A8DA}.Debug|Any CPU.ActiveCfg = Debug|Any CPU
		{62D47D3F-CA19-44FA-93A1-19C071B9A8DA}.Debug|Any CPU.Build.0 = Debug|Any CPU
		{62D47D3F-CA19-44FA-93A1-19C071B9A8DA}.Release|Any CPU.ActiveCfg = Release|Any CPU
		{62D47D3F-CA19-44FA-93A1-19C071B9A8DA}.Release|Any CPU.Build.0 = Release|Any CPU
		{5C3AE653-0B55-412D-88CC-153FA02E402B}.Debug|Any CPU.ActiveCfg = Debug|Any CPU
		{5C3AE653-0B55-412D-88CC-153FA02E402B}.Debug|Any CPU.Build.0 = Debug|Any CPU
		{5C3AE653-0B55-412D-88CC-153FA02E402B}.Release|Any CPU.ActiveCfg = Release|Any CPU
		{5C3AE653-0B55-412D-88CC-153FA02E402B}.Release|Any CPU.Build.0 = Release|Any CPU
		{45CB4CA0-BE44-4785-A374-DF3C6F0C82F8}.Debug|Any CPU.ActiveCfg = Debug|Any CPU
		{45CB4CA0-BE44-4785-A374-DF3C6F0C82F8}.Debug|Any CPU.Build.0 = Debug|Any CPU
		{45CB4CA0-BE44-4785-A374-DF3C6F0C82F8}.Release|Any CPU.ActiveCfg = Release|Any CPU
		{45CB4CA0-BE44-4785-A374-DF3C6F0C82F8}.Release|Any CPU.Build.0 = Release|Any CPU
	EndGlobalSection
	GlobalSection(SolutionProperties) = preSolution
		HideSolutionNode = FALSE
	EndGlobalSection
	GlobalSection(ExtensibilityGlobals) = postSolution
		SolutionGuid = {189F81AF-69AE-4ED7-BB54-30342B8A3478}
	EndGlobalSection
EndGlobal
